
Microsoft Visual Studio Solution File, Format Version 12.00
# Visual Studio Version 17
VisualStudioVersion = 17.2.32602.215
MinimumVisualStudioVersion = 10.0.40219.1
Project("{FAE04EC0-301F-11D3-BF4B-00C04F79EFBC}") = "Project1", "Project1\Project1.csproj", "{8D457931-021A-4847-91B2-74241E9FE94D}"
EndProject
Global
	GlobalSection(SolutionConfigurationPlatforms) = preSolution
		Debug|Any CPU = Debug|Any CPU
		Release|Any CPU = Release|Any CPU
	EndGlobalSection
	GlobalSection(ProjectConfigurationPlatforms) = postSolution
		{8D457931-021A-4847-91B2-74241E9FE94D}.Debug|Any CPU.ActiveCfg = Debug|Any CPU
		{8D457931-021A-4847-91B2-74241E9FE94D}.Debug|Any CPU.Build.0 = Debug|Any CPU
		{8D457931-021A-4847-91B2-74241E9FE94D}.Release|Any CPU.ActiveCfg = Release|Any CPU
		{8D457931-021A-4847-91B2-74241E9FE94D}.Release|Any CPU.Build.0 = Release|Any CPU
	EndGlobalSection
	GlobalSection(SolutionProperties) = preSolution
		HideSolutionNode = FALSE
	EndGlobalSection
	GlobalSection(ExtensibilityGlobals) = postSolution
		SolutionGuid = {748F075B-64AF-4E60-9B27-3F85A4C6E506}
	EndGlobalSection
EndGlobal
