
Microsoft Visual Studio Solution File, Format Version 12.00
# Visual Studio Version 17
VisualStudioVersion = 17.2.32616.157
MinimumVisualStudioVersion = 10.0.40219.1
Project("{FAE04EC0-301F-11D3-BF4B-00C04F79EFBC}") = "MVC PROJECT", "MVC PROJECT\MVC PROJECT.csproj", "{61CD1364-AAF6-4FEB-A34C-7D8168D2AB59}"
EndProject
Global
	GlobalSection(SolutionConfigurationPlatforms) = preSolution
		Debug|Any CPU = Debug|Any CPU
		Release|Any CPU = Release|Any CPU
	EndGlobalSection
	GlobalSection(ProjectConfigurationPlatforms) = postSolution
		{61CD1364-AAF6-4FEB-A34C-7D8168D2AB59}.Debug|Any CPU.ActiveCfg = Debug|Any CPU
		{61CD1364-AAF6-4FEB-A34C-7D8168D2AB59}.Debug|Any CPU.Build.0 = Debug|Any CPU
		{61CD1364-AAF6-4FEB-A34C-7D8168D2AB59}.Release|Any CPU.ActiveCfg = Release|Any CPU
		{61CD1364-AAF6-4FEB-A34C-7D8168D2AB59}.Release|Any CPU.Build.0 = Release|Any CPU
	EndGlobalSection
	GlobalSection(SolutionProperties) = preSolution
		HideSolutionNode = FALSE
	EndGlobalSection
	GlobalSection(ExtensibilityGlobals) = postSolution
		SolutionGuid = {0DF20F47-46D4-47F0-A2A0-C1B90FCF4E28}
	EndGlobalSection
EndGlobal
