
Microsoft Visual Studio Solution File, Format Version 12.00
# Visual Studio Version 17
VisualStudioVersion = 17.2.32616.157
MinimumVisualStudioVersion = 10.0.40219.1
Project("{FAE04EC0-301F-11D3-BF4B-00C04F79EFBC}") = "Ajax", "Ajax\Ajax.csproj", "{BF471CA1-E041-4A42-A111-50F9A50D4CD8}"
EndProject
Global
	GlobalSection(SolutionConfigurationPlatforms) = preSolution
		Debug|Any CPU = Debug|Any CPU
		Release|Any CPU = Release|Any CPU
	EndGlobalSection
	GlobalSection(ProjectConfigurationPlatforms) = postSolution
		{BF471CA1-E041-4A42-A111-50F9A50D4CD8}.Debug|Any CPU.ActiveCfg = Debug|Any CPU
		{BF471CA1-E041-4A42-A111-50F9A50D4CD8}.Debug|Any CPU.Build.0 = Debug|Any CPU
		{BF471CA1-E041-4A42-A111-50F9A50D4CD8}.Release|Any CPU.ActiveCfg = Release|Any CPU
		{BF471CA1-E041-4A42-A111-50F9A50D4CD8}.Release|Any CPU.Build.0 = Release|Any CPU
	EndGlobalSection
	GlobalSection(SolutionProperties) = preSolution
		HideSolutionNode = FALSE
	EndGlobalSection
	GlobalSection(ExtensibilityGlobals) = postSolution
		SolutionGuid = {59CE635D-46BE-40BC-BA49-1CBC58E36A97}
	EndGlobalSection
EndGlobal
