
Microsoft Visual Studio Solution File, Format Version 12.00
# Visual Studio Version 17
VisualStudioVersion = 17.2.32616.157
MinimumVisualStudioVersion = 10.0.40219.1
Project("{FAE04EC0-301F-11D3-BF4B-00C04F79EFBC}") = "GameManager", "GameManager\GameManager.csproj", "{6EF0A070-7676-4D31-97F4-9394C42E2FDF}"
EndProject
Global
	GlobalSection(SolutionConfigurationPlatforms) = preSolution
		Debug|Any CPU = Debug|Any CPU
		Release|Any CPU = Release|Any CPU
	EndGlobalSection
	GlobalSection(ProjectConfigurationPlatforms) = postSolution
		{6EF0A070-7676-4D31-97F4-9394C42E2FDF}.Debug|Any CPU.ActiveCfg = Debug|Any CPU
		{6EF0A070-7676-4D31-97F4-9394C42E2FDF}.Debug|Any CPU.Build.0 = Debug|Any CPU
		{6EF0A070-7676-4D31-97F4-9394C42E2FDF}.Release|Any CPU.ActiveCfg = Release|Any CPU
		{6EF0A070-7676-4D31-97F4-9394C42E2FDF}.Release|Any CPU.Build.0 = Release|Any CPU
	EndGlobalSection
	GlobalSection(SolutionProperties) = preSolution
		HideSolutionNode = FALSE
	EndGlobalSection
	GlobalSection(ExtensibilityGlobals) = postSolution
		SolutionGuid = {A0DC69EC-8EDD-4EE5-9AD9-EAC347240EB8}
	EndGlobalSection
EndGlobal
