
Microsoft Visual Studio Solution File, Format Version 12.00
# Visual Studio Version 17
VisualStudioVersion = 17.2.32616.157
MinimumVisualStudioVersion = 10.0.40219.1
Project("{FAE04EC0-301F-11D3-BF4B-00C04F79EFBC}") = "Project2", "Project2\Project2.csproj", "{AB31DB5C-66A0-459D-8DDA-401B40F0C5E1}"
EndProject
Global
	GlobalSection(SolutionConfigurationPlatforms) = preSolution
		Debug|Any CPU = Debug|Any CPU
		Release|Any CPU = Release|Any CPU
	EndGlobalSection
	GlobalSection(ProjectConfigurationPlatforms) = postSolution
		{AB31DB5C-66A0-459D-8DDA-401B40F0C5E1}.Debug|Any CPU.ActiveCfg = Debug|Any CPU
		{AB31DB5C-66A0-459D-8DDA-401B40F0C5E1}.Debug|Any CPU.Build.0 = Debug|Any CPU
		{AB31DB5C-66A0-459D-8DDA-401B40F0C5E1}.Release|Any CPU.ActiveCfg = Release|Any CPU
		{AB31DB5C-66A0-459D-8DDA-401B40F0C5E1}.Release|Any CPU.Build.0 = Release|Any CPU
	EndGlobalSection
	GlobalSection(SolutionProperties) = preSolution
		HideSolutionNode = FALSE
	EndGlobalSection
	GlobalSection(ExtensibilityGlobals) = postSolution
		SolutionGuid = {D0FD6B8F-B321-48B7-8E8B-971C48B90F8B}
	EndGlobalSection
EndGlobal
